
Microsoft Visual Studio Solution File, Format Version 12.00
# Visual Studio 15
VisualStudioVersion = 15.0.27428.2011
MinimumVisualStudioVersion = 10.0.40219.1
Project("{FAE04EC0-301F-11D3-BF4B-00C04F79EFBC}") = "PrzegladarkaWynikow", "PrzegladarkaWynikow\PrzegladarkaWynikow.csproj", "{B391AB7D-2BFA-469A-BC1B-C78850F33893}"
EndProject
Global
	GlobalSection(SolutionConfigurationPlatforms) = preSolution
		Debug|Any CPU = Debug|Any CPU
		Release|Any CPU = Release|Any CPU
	EndGlobalSection
	GlobalSection(ProjectConfigurationPlatforms) = postSolution
		{B391AB7D-2BFA-469A-BC1B-C78850F33893}.Debug|Any CPU.ActiveCfg = Debug|Any CPU
		{B391AB7D-2BFA-469A-BC1B-C78850F33893}.Debug|Any CPU.Build.0 = Debug|Any CPU
		{B391AB7D-2BFA-469A-BC1B-C78850F33893}.Release|Any CPU.ActiveCfg = Release|Any CPU
		{B391AB7D-2BFA-469A-BC1B-C78850F33893}.Release|Any CPU.Build.0 = Release|Any CPU
	EndGlobalSection
	GlobalSection(SolutionProperties) = preSolution
		HideSolutionNode = FALSE
	EndGlobalSection
	GlobalSection(ExtensibilityGlobals) = postSolution
		SolutionGuid = {0E735BF3-83AC-49BE-A3D5-51EE5985B1D0}
	EndGlobalSection
EndGlobal
